{
    "_meta": {
        "hash": {
            "sha256": "fe972eac15551ea2f5db66c0fe420200e6b3ba1131ef78c00e17ff42dbb2cf8b"
        },
        "pipfile-spec": 6,
        "requires": {
            "python_version": "3.7"
        },
        "sources": [
            {
                "name": "pypi",
                "url": "https://pypi.org/simple",
                "verify_ssl": true
            }
        ]
    },
    "default": {
        "certifi": {
            "hashes": [
                "sha256:78884e7c1d4b00ce3cea67b44566851c4343c120abd683433ce934a68ea58872",
                "sha256:d62a0163eb4c2344ac042ab2bdf75399a71a2d8c7d47eac2e2ee91b9d6339569"
            ],
            "version": "==2021.10.8"
        },
        "charset-normalizer": {
            "hashes": [
                "sha256:2857e29ff0d34db842cd7ca3230549d1a697f96ee6d3fb071cfa6c7393832597",
                "sha256:6881edbebdb17b39b4eaaa821b438bf6eddffb4468cf344f09f89def34a8b1df"
            ],
            "markers": "python_version >= '3'",
            "version": "==2.0.12"
        },
        "dill": {
            "hashes": [
                "sha256:7e40e4a70304fd9ceab3535d36e58791d9c4a776b38ec7f7ec9afc8d3dca4d4f",
                "sha256:9f9734205146b2b353ab3fec9af0070237b6ddae78452af83d2fca84d739e675"
            ],
            "index": "pypi",
            "version": "==0.3.4"
        },
        "idna": {
            "hashes": [
                "sha256:84d9dd047ffa80596e0f246e2eab0b391788b0503584e8945f2368256d2735ff",
                "sha256:9d643ff0a55b762d5cdb124b8eaa99c66322e2157b69160bc32796e824360e6d"
            ],
            "markers": "python_version >= '3'",
            "version": "==3.3"
        },
        "multiprocess": {
            "hashes": [
                "sha256:0e0a5ae4bd84e4c22baddf824d3b8168214f8c1cce51e2cb080421cb1f7b04d1",
                "sha256:206bb9b97b73f87fec1ed15a19f8762950256aa84225450abc7150d02855a083",
                "sha256:35d41e410ca2a32977a483ae1f40f86b193b45cecf85567c2fae402fb8bf172e",
                "sha256:6aa67e805e50b6e9dfc56dd0f0c85ac3409e6791d4ec5405c5f9bc0a47d745a4",
                "sha256:6f812a1d3f198b7cacd63983f60e2dc1338bd4450893f90c435067b5a3127e6f",
                "sha256:85941e650c277af44fc82e3e97faacb920e5ce3615238b540cbad4012d6f60e9",
                "sha256:916a314a1e0f3454033d59672ba6181fa45948ab1091d68cdd479258576e7b27",
                "sha256:9a02237eae21975155c816883479f72e239d16823a6bc063173d59acec9bcf41",
                "sha256:a9f58945edb234591684c0a181b744a3231643814ef3a8f47cea9a2073b4b2bb",
                "sha256:b3f866f7d9c7acc1a9cb1b6063a29f5cb140ff545b35b71fd4bfdac6f19d75fa",
                "sha256:be3ad3eaf204abc646d85e70e41244f66d88200628a0ab867c8fc206b97cedbf",
                "sha256:c85ffc38c50c5a4f32f3f3c1a284725b7b5040188f254eba6e572c53d3da525b",
                "sha256:f12a939cd2f01d0a900e7ef2aaee3c351a49fd2297d7f760b537af22727561b8"
            ],
            "index": "pypi",
            "version": "==0.70.12.2"
        },
        "pathos": {
            "hashes": [
                "sha256:1f0f27a90f7ab66c423ba796529000fde9360d17b2d8e50097641ff405fc6f15",
                "sha256:789ae53487e5f9393fcc2b9703188a1b97f20206c429654134a7152f591bafe7"
            ],
            "index": "pypi",
            "version": "==0.2.8"
        },
        "pip": {
            "hashes": [
                "sha256:b3a9de2c6ef801e9247d1527a4b16f92f2cc141cd1489f3fffaf6a9e96729764",
                "sha256:c6aca0f2f081363f689f041d90dab2a07a9a07fb840284db2218117a52da800b"
            ],
            "index": "pypi",
            "version": "==22.0.4"
        },
        "pox": {
            "hashes": [
                "sha256:97a389cd1c6ed44dc6b934659f315d43336f7bde946a7977e770fd7e350a5395",
                "sha256:cb968350b186466bb4905a21084587ec3aa6fd7aa0ef55d416ee0d523e2abe31"
            ],
            "index": "pypi",
            "version": "==0.3.0"
        },
        "ppft": {
            "hashes": [
                "sha256:473442cc6731856990bd25bd6b454bb98720007de4523a73c560bdd0060463d2",
                "sha256:63d12035786dfd52e7a0fedcd75a498b68b80e6ac54720cd8a4282512608131c",
                "sha256:cbe543bbd4a661a21fda3fed3602d01c1dcfb8f0ac46816f1b7564996c5d86df"
            ],
            "index": "pypi",
            "version": "==1.6.6.4"
        },
        "python-dateutil": {
            "hashes": [
                "sha256:0123cacc1627ae19ddf3c27a5de5bd67ee4586fbdd6440d9748f8abb483d3e86",
                "sha256:961d03dc3453ebbc59dbdea9e4e11c5651520a876d0f4db161e8674aae935da9"
            ],
            "index": "pypi",
            "version": "==2.8.2"
        },
        "requests": {
            "hashes": [
                "sha256:68d7c56fd5a8999887728ef304a6d12edc7be74f1cfa47714fc8b414525c9a61",
                "sha256:f22fa1e554c9ddfd16e6e41ac79759e17be9e492b3587efa038054674760e72d"
            ],
            "index": "pypi",
            "version": "==2.27.1"
        },
        "six": {
            "hashes": [
                "sha256:1e61c37477a1626458e36f7b1d82aa5c9b094fa4802892072e49de9c60c4c926",
                "sha256:8abb2f1d86890a2dfb989f9a77cfcfd3e47c2a354b01111771326f8aa26e0254"
            ],
            "markers": "python_version >= '2.7' and python_version not in '3.0, 3.1, 3.2, 3.3'",
            "version": "==1.16.0"
        },
        "urllib3": {
            "hashes": [
                "sha256:44ece4d53fb1706f667c9bd1c648f5469a2ec925fcf3a776667042d645472c14",
                "sha256:aabaf16477806a5e1dd19aa41f8c2b7950dd3c746362d7e3223dbe6de6ac448e"
            ],
            "markers": "python_version >= '2.7' and python_version not in '3.0, 3.1, 3.2, 3.3, 3.4' and python_version < '4'",
            "version": "==1.26.9"
        }
    },
    "develop": {
        "altgraph": {
            "hashes": [
                "sha256:743628f2ac6a7c26f5d9223c91ed8ecbba535f506f4b6f558885a8a56a105857",
                "sha256:ebf2269361b47d97b3b88e696439f6e4cbc607c17c51feb1754f90fb79839158"
            ],
            "version": "==0.17.2"
        },
        "backcall": {
            "hashes": [
                "sha256:5cbdbf27be5e7cfadb448baf0aa95508f91f2bbc6c6437cd9cd06e2a4c215e1e",
                "sha256:fbbce6a29f263178a1f7915c1940bde0ec2b2a967566fe1c65c1dfb7422bd255"
            ],
            "version": "==0.2.0"
        },
        "decorator": {
            "hashes": [
                "sha256:637996211036b6385ef91435e4fae22989472f9d571faba8927ba8253acbc330",
                "sha256:b8c3f85900b9dc423225913c5aace94729fe1fa9763b38939a95226f02d37186"
            ],
            "markers": "python_version >= '3.5'",
            "version": "==5.1.1"
        },
        "importlib-metadata": {
            "hashes": [
                "sha256:1208431ca90a8cca1a6b8af391bb53c1a2db74e5d1cef6ddced95d4b2062edc6",
                "sha256:ea4c597ebf37142f827b8f39299579e31685c31d3a438b59f469406afd0f2539"
            ],
            "markers": "python_version < '3.8'",
            "version": "==4.11.3"
        },
        "ipython": {
            "hashes": [
                "sha256:916a3126896e4fd78dd4d9cf3e21586e7fd93bae3f1cd751588b75524b64bf94",
                "sha256:bcffb865a83b081620301ba0ec4d95084454f26b91d6d66b475bff3dfb0218d4"
            ],
            "index": "pypi",
            "version": "==7.33.0"
        },
        "jedi": {
            "hashes": [
                "sha256:637c9635fcf47945ceb91cd7f320234a7be540ded6f3e99a50cb6febdfd1ba8d",
                "sha256:74137626a64a99c8eb6ae5832d99b3bdd7d29a3850fe2aa80a4126b2a7d949ab"
            ],
            "markers": "python_version >= '3.6'",
            "version": "==0.18.1"
        },
        "matplotlib-inline": {
            "hashes": [
                "sha256:a04bfba22e0d1395479f866853ec1ee28eea1485c1d69a6faf00dc3e24ff34ee",
                "sha256:aed605ba3b72462d64d475a21a9296f400a19c4f74a31b59103d2a99ffd5aa5c"
            ],
            "markers": "python_version >= '3.5'",
            "version": "==0.1.3"
        },
        "parso": {
            "hashes": [
                "sha256:8c07be290bb59f03588915921e29e8a50002acaf2cdc5fa0e0114f91709fafa0",
                "sha256:c001d4636cd3aecdaf33cbb40aebb59b094be2a74c556778ef5576c175e19e75"
            ],
            "markers": "python_version >= '3.6'",
            "version": "==0.8.3"
        },
        "pexpect": {
            "hashes": [
                "sha256:0b48a55dcb3c05f3329815901ea4fc1537514d6ba867a152b581d69ae3710937",
                "sha256:fc65a43959d153d0114afe13997d439c22823a27cefceb5ff35c2178c6784c0c"
            ],
            "markers": "sys_platform != 'win32'",
            "version": "==4.8.0"
        },
        "pickleshare": {
            "hashes": [
                "sha256:87683d47965c1da65cdacaf31c8441d12b8044cdec9aca500cd78fc2c683afca",
                "sha256:9649af414d74d4df115d5d718f82acb59c9d418196b7b4290ed47a12ce62df56"
            ],
            "version": "==0.7.5"
        },
        "prompt-toolkit": {
            "hashes": [
                "sha256:62291dad495e665fca0bda814e342c69952086afb0f4094d0893d357e5c78752",
                "sha256:bd640f60e8cecd74f0dc249713d433ace2ddc62b65ee07f96d358e0b152b6ea7"
            ],
            "markers": "python_full_version >= '3.6.2'",
            "version": "==3.0.29"
        },
        "ptyprocess": {
            "hashes": [
                "sha256:4b41f3967fce3af57cc7e94b888626c18bf37a083e3651ca8feeb66d492fef35",
                "sha256:5c5d0a3b48ceee0b48485e0c26037c0acd7d29765ca3fbb5cb3831d347423220"
            ],
            "version": "==0.7.0"
        },
        "pygments": {
            "hashes": [
                "sha256:5eb116118f9612ff1ee89ac96437bb6b49e8f04d8a13b514ba26f620208e26eb",
                "sha256:dc9c10fb40944260f6ed4c688ece0cd2048414940f1cea51b8b226318411c519"
            ],
            "markers": "python_version >= '3.6'",
            "version": "==2.12.0"
        },
        "pyinstaller": {
            "hashes": [
                "sha256:0dc19ccf97584fff1766dcaf9c0425e4cd714ccc41c9f4d1222cab8c756624e4",
                "sha256:100ba42f5885e1044e45a9a1d6fa9bb17be49d8731a34ebde39519a49095d509",
                "sha256:219e249c2bbd2ec77ba008adbc46832ddd761554167bf5f9c86e861f8ddd4589",
                "sha256:25f5f758b005c66471af0d452c90ec328179116afe9d5bd82f5fb06d9416267b",
                "sha256:3ac6f8bfe65666650bf37671d6661775692b33711a7c5e664ac5bb577100f120",
                "sha256:7b4fa281373676728e503447e5eb2a101208d0d41be62b540dcfbe073e26e60f",
                "sha256:943d22969ad7487ff430810e733f06e6efddc1af1cbe6453ec44dffc39f3a1f5",
                "sha256:a7698ca54b1afc5ff0ef0a881fa68a878e3f12e7f1a3bade9bf198af34d15222",
                "sha256:bf6148a6eb005e1106d57271681cd7799b56f7b41efa6c78ce4d375fc1cd829e",
                "sha256:d3a587f5adb28e299781d99d6e781e3d240f6f5ecaad5b5f484ea196801476f6",
                "sha256:d8384871a2e6605b49ef3293aa8b365bbdfe9aac6ff80e3743e5fe4cbd46fa62"
            ],
            "index": "pypi",
            "version": "==5.0.1"
        },
        "pyinstaller-hooks-contrib": {
            "hashes": [
                "sha256:b57a90bb8520d6e1dbbaaae416875e28fa5a3b74d2e40e330d02d1ccadacc38c",
                "sha256:b7f7da20e5b83c22219a21b8f849525e5f735197975313208f4e07ff9549cdaf"
            ],
            "markers": "python_version >= '3.7'",
            "version": "==2022.4"
        },
        "setuptools": {
            "hashes": [
                "sha256:26ead7d1f93efc0f8c804d9fafafbe4a44b179580a7105754b245155f9af05a8",
                "sha256:47c7b0c0f8fc10eec4cf1e71c6fdadf8decaa74ffa087e68cd1c20db7ad6a592"
            ],
            "markers": "python_version >= '3.7'",
            "version": "==62.1.0"
        },
        "traitlets": {
            "hashes": [
                "sha256:059f456c5a7c1c82b98c2e8c799f39c9b8128f6d0d46941ee118daace9eb70c7",
                "sha256:2d313cc50a42cd6c277e7d7dc8d4d7fedd06a2c215f78766ae7b1a66277e0033"
            ],
            "markers": "python_version >= '3.7'",
            "version": "==5.1.1"
        },
        "typing-extensions": {
            "hashes": [
                "sha256:6657594ee297170d19f67d55c05852a874e7eb634f4f753dbd667855e07c1708",
                "sha256:f1c24655a0da0d1b67f07e17a5e6b2a105894e6824b92096378bb3668ef02376"
            ],
            "markers": "python_version < '3.8'",
            "version": "==4.2.0"
        },
        "wcwidth": {
            "hashes": [
                "sha256:beb4802a9cebb9144e99086eff703a642a13d6a0052920003a230f3294bbe784",
                "sha256:c4d647b99872929fdb7bdcaa4fbe7f01413ed3d98077df798530e5b04f116c83"
            ],
            "version": "==0.2.5"
        },
        "zipp": {
            "hashes": [
                "sha256:56bf8aadb83c24db6c4b577e13de374ccfb67da2078beba1d037c17980bf43ad",
                "sha256:c4f6e5bbf48e74f7a38e7cc5b0480ff42b0ae5178957d564d18932525d5cf099"
            ],
            "markers": "python_version >= '3.7'",
            "version": "==3.8.0"
        }
    }
}
